
Microsoft Visual Studio Solution File, Format Version 12.00
# Visual Studio 15
VisualStudioVersion = 15.0.27130.2020
MinimumVisualStudioVersion = 10.0.40219.1
Project("{2150E333-8FDC-42A3-9474-1A3956D46DE8}") = "sample", "sample", "{12B7C9C6-B296-4A8D-B169-A540F49E928E}"
EndProject
Project("{2150E333-8FDC-42A3-9474-1A3956D46DE8}") = "src", "src", "{E73B9CC2-9C8D-47E0-A738-69E2A1C395DB}"
EndProject
Project("{9A19103F-16F7-4668-BE54-9A1E7A4F7556}") = "DotNetCore.CAP.MySql", "src\DotNetCore.CAP.MySql\DotNetCore.CAP.MySql.csproj", "{5782880D-B8F3-4CAD-B4ED-38D8ED3E1DA4}"
EndProject
Project("{9A19103F-16F7-4668-BE54-9A1E7A4F7556}") = "Sikiro.Chloe.Cap.Samples", "samples\Sikiro.Chloe.Cap.Samples\Sikiro.Chloe.Cap.Samples.csproj", "{422E814F-B3EC-4658-815A-646509D3487A}"
EndProject
Project("{9A19103F-16F7-4668-BE54-9A1E7A4F7556}") = "Sikiro.Chloe.Cap.SamplesB", "samples\Sikiro.Chloe.Cap.SamplesB\Sikiro.Chloe.Cap.SamplesB.csproj", "{8B5259AA-2CE3-45A8-B2F2-2D7359FE5557}"
EndProject
Project("{9A19103F-16F7-4668-BE54-9A1E7A4F7556}") = "Sikiro.Tookits", "src\Sikiro.Tookits\Sikiro.Tookits.csproj", "{4D767A74-45F8-482A-9AFB-D21B5120BA7A}"
EndProject
Project("{9A19103F-16F7-4668-BE54-9A1E7A4F7556}") = "Sikiro.Nosql.Redis", "src\Sikiro.Nosql.Redis\Sikiro.Nosql.Redis.csproj", "{E5D938B6-6C4E-4EAB-A3D2-F8C2F1182887}"
EndProject
Project("{9A19103F-16F7-4668-BE54-9A1E7A4F7556}") = "Sikiro.Nosql.Mongo", "src\Sikiro.Nosql.Mongo\Sikiro.Nosql.Mongo.csproj", "{70D743D5-C282-46FA-B891-9E1821EFC3C6}"
EndProject
Project("{9A19103F-16F7-4668-BE54-9A1E7A4F7556}") = "Sikiro.MicroService.Extension", "src\Sikiro.MicroService.Extension\Sikiro.MicroService.Extension.csproj", "{FF787969-E962-4550-B006-C49CA0B82589}"
EndProject
Project("{9A19103F-16F7-4668-BE54-9A1E7A4F7556}") = "Sikiro.Chloe.Extension", "src\Sikiro.Chloe.Extension\Sikiro.Chloe.Extension.csproj", "{2C2D5861-2BB2-4619-B83E-E3972498A93D}"
EndProject
Project("{9A19103F-16F7-4668-BE54-9A1E7A4F7556}") = "Sikiro.Chloe.Cap", "src\Sikiro.Chloe.Cap\Sikiro.Chloe.Cap.csproj", "{F20C73DA-B56C-45A2-AEB8-627C1FF03805}"
EndProject
Project("{9A19103F-16F7-4668-BE54-9A1E7A4F7556}") = "Sikiro.Bus.Extension", "src\Sikiro.Bus.Extension\Sikiro.Bus.Extension.csproj", "{2737349F-BC12-4907-84CB-B1A409505DFA}"
EndProject
Project("{9A19103F-16F7-4668-BE54-9A1E7A4F7556}") = "SkyApm.Diagnostics.HttpClient", "src\SkyApm.Diagnostics.HttpClient\SkyApm.Diagnostics.HttpClient.csproj", "{DE1FD472-8355-4CDC-9299-8836E90E4DD9}"
EndProject
Project("{9A19103F-16F7-4668-BE54-9A1E7A4F7556}") = "SkyApm.Diagnostics.AspNetCore", "src\SkyApm.Diagnostics.AspNetCore\SkyApm.Diagnostics.AspNetCore.csproj", "{22DC55FF-C903-4E85-9013-03136A7430CB}"
EndProject
Project("{2150E333-8FDC-42A3-9474-1A3956D46DE8}") = "开源项目", "开源项目", "{102ED709-B366-4FC8-8660-5B83C767CEE1}"
EndProject
Project("{2150E333-8FDC-42A3-9474-1A3956D46DE8}") = "基础设施服务解决方案", "基础设施服务解决方案", "{3A413D5B-A8BB-4F47-9875-6AC009C22591}"
EndProject
Project("{2150E333-8FDC-42A3-9474-1A3956D46DE8}") = "Id发号", "Id发号", "{8FED15D1-DD0A-48BD-90BF-D8EA9E14DC1B}"
EndProject
Project("{2150E333-8FDC-42A3-9474-1A3956D46DE8}") = "消息推送", "消息推送", "{232D336F-4446-4904-B7E6-B60E17D8952F}"
EndProject
Project("{9A19103F-16F7-4668-BE54-9A1E7A4F7556}") = "Sikiro.Infrastructure.Id", "samples\基础设施服务解决方案\Id发号\GS.Infrastructure.Id\Sikiro.Infrastructure.Id.csproj", "{08B22CE1-D55B-4F6B-B283-8CD7038BBE5C}"
EndProject
Project("{9A19103F-16F7-4668-BE54-9A1E7A4F7556}") = "Sikiro.Interface.Id", "samples\基础设施服务解决方案\Id发号\GS.Interface.Id\Sikiro.Interface.Id.csproj", "{1AD8B646-4D79-4B4F-AF5F-92EC6044871E}"
EndProject
Project("{9A19103F-16F7-4668-BE54-9A1E7A4F7556}") = "Sikiro.Interface.Id.Test", "samples\基础设施服务解决方案\Id发号\GS.Interface.Id.Test\Sikiro.Interface.Id.Test.csproj", "{E878439B-0C30-451A-AAA4-3BB2CFDF032C}"
EndProject
Project("{9A19103F-16F7-4668-BE54-9A1E7A4F7556}") = "Sikiro.Infrastructure.Msg", "samples\基础设施服务解决方案\消息推送\GS.Infrastructure.Msg\Sikiro.Infrastructure.Msg.csproj", "{EE7C69EA-C3CA-423E-AC1C-B0D474A9C89F}"
EndProject
Project("{9A19103F-16F7-4668-BE54-9A1E7A4F7556}") = "Sikiro.Interface.Msg", "samples\基础设施服务解决方案\消息推送\GS.Interface.Msg\Sikiro.Interface.Msg.csproj", "{61EC5CC9-26B9-43E2-8F22-8FB96CA3A46D}"
EndProject
Project("{9A19103F-16F7-4668-BE54-9A1E7A4F7556}") = "Sikiro.Interface.Msg.Test", "samples\基础设施服务解决方案\消息推送\GS.Interface.Msg.Test\Sikiro.Interface.Msg.Test.csproj", "{AA7EFB9A-64D0-40D0-A421-160AB675E565}"
EndProject
Project("{2150E333-8FDC-42A3-9474-1A3956D46DE8}") = "客户系统解决方案", "客户系统解决方案", "{51800CBB-1DDF-49C8-BDF0-0BB81DD067DC}"
EndProject
Project("{2150E333-8FDC-42A3-9474-1A3956D46DE8}") = "聚合API服务", "聚合API服务", "{E5375AC8-8C80-45A7-9632-31A86A373781}"
EndProject
Project("{2150E333-8FDC-42A3-9474-1A3956D46DE8}") = "业务API服务", "业务API服务", "{50662C29-51E1-4989-8C2B-8FA438E45A18}"
EndProject
Project("{9A19103F-16F7-4668-BE54-9A1E7A4F7556}") = "Sikiro.WebApi.Customer", "samples\客户系统解决方案\聚合API服务\GS.WebApi.Customer\Sikiro.WebApi.Customer.csproj", "{208BCA15-21C6-4A3E-9D36-1A0298C0A36C}"
EndProject
Project("{9A19103F-16F7-4668-BE54-9A1E7A4F7556}") = "Sikiro.Entity.Customer", "samples\客户系统解决方案\业务API服务\GS.Entity.Customer\Sikiro.Entity.Customer.csproj", "{14D29F1E-63F6-4994-A905-C04932FA1293}"
EndProject
Project("{9A19103F-16F7-4668-BE54-9A1E7A4F7556}") = "Sikiro.Service.Customer", "samples\客户系统解决方案\业务API服务\GS.Service.Customer\Sikiro.Service.Customer.csproj", "{BBA4440D-215B-477F-BA11-8FF4795A0C42}"
EndProject
Project("{9A19103F-16F7-4668-BE54-9A1E7A4F7556}") = "Sikiro.InnerApi.Customer", "samples\客户系统解决方案\业务API服务\GS.InnerApi.Customer\Sikiro.InnerApi.Customer.csproj", "{7D8C15E7-33EE-4F90-BC51-1C7CB761715A}"
EndProject
Project("{9A19103F-16F7-4668-BE54-9A1E7A4F7556}") = "Sikiro.Common.Utils", "samples\客户系统解决方案\GS.Common.Utils\Sikiro.Common.Utils.csproj", "{6A281984-1EAE-49EB-B956-1BE570E36748}"
EndProject
Project("{9A19103F-16F7-4668-BE54-9A1E7A4F7556}") = "Sikiro.Interface.Customer", "samples\客户系统解决方案\业务API服务\GS.Interface.Customer\Sikiro.Interface.Customer.csproj", "{5A384DE7-5F97-4FB7-BD70-B1AB2E48A0DC}"
EndProject
Project("{FAE04EC0-301F-11D3-BF4B-00C04F79EFBC}") = "Sikiro.MongoDB.Demo", "samples\Sikiro.MongoDB.Demo\Sikiro.MongoDB.Demo.csproj", "{A310FD2B-59B3-48FD-9AF6-D2D9AF6215EF}"
EndProject
Global
	GlobalSection(SolutionConfigurationPlatforms) = preSolution
		Debug|Any CPU = Debug|Any CPU
		Debug|x86 = Debug|x86
		Release|Any CPU = Release|Any CPU
		Release|x86 = Release|x86
	EndGlobalSection
	GlobalSection(ProjectConfigurationPlatforms) = postSolution
		{5782880D-B8F3-4CAD-B4ED-38D8ED3E1DA4}.Debug|Any CPU.ActiveCfg = Debug|Any CPU
		{5782880D-B8F3-4CAD-B4ED-38D8ED3E1DA4}.Debug|Any CPU.Build.0 = Debug|Any CPU
		{5782880D-B8F3-4CAD-B4ED-38D8ED3E1DA4}.Debug|x86.ActiveCfg = Debug|Any CPU
		{5782880D-B8F3-4CAD-B4ED-38D8ED3E1DA4}.Debug|x86.Build.0 = Debug|Any CPU
		{5782880D-B8F3-4CAD-B4ED-38D8ED3E1DA4}.Release|Any CPU.ActiveCfg = Release|Any CPU
		{5782880D-B8F3-4CAD-B4ED-38D8ED3E1DA4}.Release|Any CPU.Build.0 = Release|Any CPU
		{5782880D-B8F3-4CAD-B4ED-38D8ED3E1DA4}.Release|x86.ActiveCfg = Release|Any CPU
		{5782880D-B8F3-4CAD-B4ED-38D8ED3E1DA4}.Release|x86.Build.0 = Release|Any CPU
		{422E814F-B3EC-4658-815A-646509D3487A}.Debug|Any CPU.ActiveCfg = Debug|Any CPU
		{422E814F-B3EC-4658-815A-646509D3487A}.Debug|Any CPU.Build.0 = Debug|Any CPU
		{422E814F-B3EC-4658-815A-646509D3487A}.Debug|x86.ActiveCfg = Debug|Any CPU
		{422E814F-B3EC-4658-815A-646509D3487A}.Debug|x86.Build.0 = Debug|Any CPU
		{422E814F-B3EC-4658-815A-646509D3487A}.Release|Any CPU.ActiveCfg = Release|Any CPU
		{422E814F-B3EC-4658-815A-646509D3487A}.Release|Any CPU.Build.0 = Release|Any CPU
		{422E814F-B3EC-4658-815A-646509D3487A}.Release|x86.ActiveCfg = Release|Any CPU
		{422E814F-B3EC-4658-815A-646509D3487A}.Release|x86.Build.0 = Release|Any CPU
		{8B5259AA-2CE3-45A8-B2F2-2D7359FE5557}.Debug|Any CPU.ActiveCfg = Debug|Any CPU
		{8B5259AA-2CE3-45A8-B2F2-2D7359FE5557}.Debug|Any CPU.Build.0 = Debug|Any CPU
		{8B5259AA-2CE3-45A8-B2F2-2D7359FE5557}.Debug|x86.ActiveCfg = Debug|Any CPU
		{8B5259AA-2CE3-45A8-B2F2-2D7359FE5557}.Debug|x86.Build.0 = Debug|Any CPU
		{8B5259AA-2CE3-45A8-B2F2-2D7359FE5557}.Release|Any CPU.ActiveCfg = Release|Any CPU
		{8B5259AA-2CE3-45A8-B2F2-2D7359FE5557}.Release|Any CPU.Build.0 = Release|Any CPU
		{8B5259AA-2CE3-45A8-B2F2-2D7359FE5557}.Release|x86.ActiveCfg = Release|Any CPU
		{8B5259AA-2CE3-45A8-B2F2-2D7359FE5557}.Release|x86.Build.0 = Release|Any CPU
		{4D767A74-45F8-482A-9AFB-D21B5120BA7A}.Debug|Any CPU.ActiveCfg = Debug|Any CPU
		{4D767A74-45F8-482A-9AFB-D21B5120BA7A}.Debug|Any CPU.Build.0 = Debug|Any CPU
		{4D767A74-45F8-482A-9AFB-D21B5120BA7A}.Debug|x86.ActiveCfg = Debug|Any CPU
		{4D767A74-45F8-482A-9AFB-D21B5120BA7A}.Debug|x86.Build.0 = Debug|Any CPU
		{4D767A74-45F8-482A-9AFB-D21B5120BA7A}.Release|Any CPU.ActiveCfg = Release|Any CPU
		{4D767A74-45F8-482A-9AFB-D21B5120BA7A}.Release|Any CPU.Build.0 = Release|Any CPU
		{4D767A74-45F8-482A-9AFB-D21B5120BA7A}.Release|x86.ActiveCfg = Release|Any CPU
		{4D767A74-45F8-482A-9AFB-D21B5120BA7A}.Release|x86.Build.0 = Release|Any CPU
		{E5D938B6-6C4E-4EAB-A3D2-F8C2F1182887}.Debug|Any CPU.ActiveCfg = Debug|Any CPU
		{E5D938B6-6C4E-4EAB-A3D2-F8C2F1182887}.Debug|Any CPU.Build.0 = Debug|Any CPU
		{E5D938B6-6C4E-4EAB-A3D2-F8C2F1182887}.Debug|x86.ActiveCfg = Debug|Any CPU
		{E5D938B6-6C4E-4EAB-A3D2-F8C2F1182887}.Debug|x86.Build.0 = Debug|Any CPU
		{E5D938B6-6C4E-4EAB-A3D2-F8C2F1182887}.Release|Any CPU.ActiveCfg = Release|Any CPU
		{E5D938B6-6C4E-4EAB-A3D2-F8C2F1182887}.Release|Any CPU.Build.0 = Release|Any CPU
		{E5D938B6-6C4E-4EAB-A3D2-F8C2F1182887}.Release|x86.ActiveCfg = Release|Any CPU
		{E5D938B6-6C4E-4EAB-A3D2-F8C2F1182887}.Release|x86.Build.0 = Release|Any CPU
		{70D743D5-C282-46FA-B891-9E1821EFC3C6}.Debug|Any CPU.ActiveCfg = Debug|Any CPU
		{70D743D5-C282-46FA-B891-9E1821EFC3C6}.Debug|Any CPU.Build.0 = Debug|Any CPU
		{70D743D5-C282-46FA-B891-9E1821EFC3C6}.Debug|x86.ActiveCfg = Debug|Any CPU
		{70D743D5-C282-46FA-B891-9E1821EFC3C6}.Debug|x86.Build.0 = Debug|Any CPU
		{70D743D5-C282-46FA-B891-9E1821EFC3C6}.Release|Any CPU.ActiveCfg = Release|Any CPU
		{70D743D5-C282-46FA-B891-9E1821EFC3C6}.Release|Any CPU.Build.0 = Release|Any CPU
		{70D743D5-C282-46FA-B891-9E1821EFC3C6}.Release|x86.ActiveCfg = Release|Any CPU
		{70D743D5-C282-46FA-B891-9E1821EFC3C6}.Release|x86.Build.0 = Release|Any CPU
		{FF787969-E962-4550-B006-C49CA0B82589}.Debug|Any CPU.ActiveCfg = Debug|Any CPU
		{FF787969-E962-4550-B006-C49CA0B82589}.Debug|Any CPU.Build.0 = Debug|Any CPU
		{FF787969-E962-4550-B006-C49CA0B82589}.Debug|x86.ActiveCfg = Debug|Any CPU
		{FF787969-E962-4550-B006-C49CA0B82589}.Debug|x86.Build.0 = Debug|Any CPU
		{FF787969-E962-4550-B006-C49CA0B82589}.Release|Any CPU.ActiveCfg = Release|Any CPU
		{FF787969-E962-4550-B006-C49CA0B82589}.Release|Any CPU.Build.0 = Release|Any CPU
		{FF787969-E962-4550-B006-C49CA0B82589}.Release|x86.ActiveCfg = Release|Any CPU
		{FF787969-E962-4550-B006-C49CA0B82589}.Release|x86.Build.0 = Release|Any CPU
		{2C2D5861-2BB2-4619-B83E-E3972498A93D}.Debug|Any CPU.ActiveCfg = Debug|Any CPU
		{2C2D5861-2BB2-4619-B83E-E3972498A93D}.Debug|Any CPU.Build.0 = Debug|Any CPU
		{2C2D5861-2BB2-4619-B83E-E3972498A93D}.Debug|x86.ActiveCfg = Debug|Any CPU
		{2C2D5861-2BB2-4619-B83E-E3972498A93D}.Debug|x86.Build.0 = Debug|Any CPU
		{2C2D5861-2BB2-4619-B83E-E3972498A93D}.Release|Any CPU.ActiveCfg = Release|Any CPU
		{2C2D5861-2BB2-4619-B83E-E3972498A93D}.Release|Any CPU.Build.0 = Release|Any CPU
		{2C2D5861-2BB2-4619-B83E-E3972498A93D}.Release|x86.ActiveCfg = Release|Any CPU
		{2C2D5861-2BB2-4619-B83E-E3972498A93D}.Release|x86.Build.0 = Release|Any CPU
		{F20C73DA-B56C-45A2-AEB8-627C1FF03805}.Debug|Any CPU.ActiveCfg = Debug|Any CPU
		{F20C73DA-B56C-45A2-AEB8-627C1FF03805}.Debug|Any CPU.Build.0 = Debug|Any CPU
		{F20C73DA-B56C-45A2-AEB8-627C1FF03805}.Debug|x86.ActiveCfg = Debug|Any CPU
		{F20C73DA-B56C-45A2-AEB8-627C1FF03805}.Debug|x86.Build.0 = Debug|Any CPU
		{F20C73DA-B56C-45A2-AEB8-627C1FF03805}.Release|Any CPU.ActiveCfg = Release|Any CPU
		{F20C73DA-B56C-45A2-AEB8-627C1FF03805}.Release|Any CPU.Build.0 = Release|Any CPU
		{F20C73DA-B56C-45A2-AEB8-627C1FF03805}.Release|x86.ActiveCfg = Release|Any CPU
		{F20C73DA-B56C-45A2-AEB8-627C1FF03805}.Release|x86.Build.0 = Release|Any CPU
		{2737349F-BC12-4907-84CB-B1A409505DFA}.Debug|Any CPU.ActiveCfg = Debug|Any CPU
		{2737349F-BC12-4907-84CB-B1A409505DFA}.Debug|Any CPU.Build.0 = Debug|Any CPU
		{2737349F-BC12-4907-84CB-B1A409505DFA}.Debug|x86.ActiveCfg = Debug|Any CPU
		{2737349F-BC12-4907-84CB-B1A409505DFA}.Debug|x86.Build.0 = Debug|Any CPU
		{2737349F-BC12-4907-84CB-B1A409505DFA}.Release|Any CPU.ActiveCfg = Release|Any CPU
		{2737349F-BC12-4907-84CB-B1A409505DFA}.Release|Any CPU.Build.0 = Release|Any CPU
		{2737349F-BC12-4907-84CB-B1A409505DFA}.Release|x86.ActiveCfg = Release|Any CPU
		{2737349F-BC12-4907-84CB-B1A409505DFA}.Release|x86.Build.0 = Release|Any CPU
		{DE1FD472-8355-4CDC-9299-8836E90E4DD9}.Debug|Any CPU.ActiveCfg = Debug|Any CPU
		{DE1FD472-8355-4CDC-9299-8836E90E4DD9}.Debug|Any CPU.Build.0 = Debug|Any CPU
		{DE1FD472-8355-4CDC-9299-8836E90E4DD9}.Debug|x86.ActiveCfg = Debug|Any CPU
		{DE1FD472-8355-4CDC-9299-8836E90E4DD9}.Debug|x86.Build.0 = Debug|Any CPU
		{DE1FD472-8355-4CDC-9299-8836E90E4DD9}.Release|Any CPU.ActiveCfg = Release|Any CPU
		{DE1FD472-8355-4CDC-9299-8836E90E4DD9}.Release|Any CPU.Build.0 = Release|Any CPU
		{DE1FD472-8355-4CDC-9299-8836E90E4DD9}.Release|x86.ActiveCfg = Release|Any CPU
		{DE1FD472-8355-4CDC-9299-8836E90E4DD9}.Release|x86.Build.0 = Release|Any CPU
		{22DC55FF-C903-4E85-9013-03136A7430CB}.Debug|Any CPU.ActiveCfg = Debug|Any CPU
		{22DC55FF-C903-4E85-9013-03136A7430CB}.Debug|Any CPU.Build.0 = Debug|Any CPU
		{22DC55FF-C903-4E85-9013-03136A7430CB}.Debug|x86.ActiveCfg = Debug|Any CPU
		{22DC55FF-C903-4E85-9013-03136A7430CB}.Debug|x86.Build.0 = Debug|Any CPU
		{22DC55FF-C903-4E85-9013-03136A7430CB}.Release|Any CPU.ActiveCfg = Release|Any CPU
		{22DC55FF-C903-4E85-9013-03136A7430CB}.Release|Any CPU.Build.0 = Release|Any CPU
		{22DC55FF-C903-4E85-9013-03136A7430CB}.Release|x86.ActiveCfg = Release|Any CPU
		{22DC55FF-C903-4E85-9013-03136A7430CB}.Release|x86.Build.0 = Release|Any CPU
		{08B22CE1-D55B-4F6B-B283-8CD7038BBE5C}.Debug|Any CPU.ActiveCfg = Debug|Any CPU
		{08B22CE1-D55B-4F6B-B283-8CD7038BBE5C}.Debug|Any CPU.Build.0 = Debug|Any CPU
		{08B22CE1-D55B-4F6B-B283-8CD7038BBE5C}.Debug|x86.ActiveCfg = Debug|x86
		{08B22CE1-D55B-4F6B-B283-8CD7038BBE5C}.Debug|x86.Build.0 = Debug|x86
		{08B22CE1-D55B-4F6B-B283-8CD7038BBE5C}.Release|Any CPU.ActiveCfg = Release|Any CPU
		{08B22CE1-D55B-4F6B-B283-8CD7038BBE5C}.Release|Any CPU.Build.0 = Release|Any CPU
		{08B22CE1-D55B-4F6B-B283-8CD7038BBE5C}.Release|x86.ActiveCfg = Release|x86
		{08B22CE1-D55B-4F6B-B283-8CD7038BBE5C}.Release|x86.Build.0 = Release|x86
		{1AD8B646-4D79-4B4F-AF5F-92EC6044871E}.Debug|Any CPU.ActiveCfg = Debug|Any CPU
		{1AD8B646-4D79-4B4F-AF5F-92EC6044871E}.Debug|Any CPU.Build.0 = Debug|Any CPU
		{1AD8B646-4D79-4B4F-AF5F-92EC6044871E}.Debug|x86.ActiveCfg = Debug|Any CPU
		{1AD8B646-4D79-4B4F-AF5F-92EC6044871E}.Debug|x86.Build.0 = Debug|Any CPU
		{1AD8B646-4D79-4B4F-AF5F-92EC6044871E}.Release|Any CPU.ActiveCfg = Release|Any CPU
		{1AD8B646-4D79-4B4F-AF5F-92EC6044871E}.Release|Any CPU.Build.0 = Release|Any CPU
		{1AD8B646-4D79-4B4F-AF5F-92EC6044871E}.Release|x86.ActiveCfg = Release|Any CPU
		{1AD8B646-4D79-4B4F-AF5F-92EC6044871E}.Release|x86.Build.0 = Release|Any CPU
		{E878439B-0C30-451A-AAA4-3BB2CFDF032C}.Debug|Any CPU.ActiveCfg = Debug|Any CPU
		{E878439B-0C30-451A-AAA4-3BB2CFDF032C}.Debug|Any CPU.Build.0 = Debug|Any CPU
		{E878439B-0C30-451A-AAA4-3BB2CFDF032C}.Debug|x86.ActiveCfg = Debug|Any CPU
		{E878439B-0C30-451A-AAA4-3BB2CFDF032C}.Debug|x86.Build.0 = Debug|Any CPU
		{E878439B-0C30-451A-AAA4-3BB2CFDF032C}.Release|Any CPU.ActiveCfg = Release|Any CPU
		{E878439B-0C30-451A-AAA4-3BB2CFDF032C}.Release|Any CPU.Build.0 = Release|Any CPU
		{E878439B-0C30-451A-AAA4-3BB2CFDF032C}.Release|x86.ActiveCfg = Release|Any CPU
		{E878439B-0C30-451A-AAA4-3BB2CFDF032C}.Release|x86.Build.0 = Release|Any CPU
		{EE7C69EA-C3CA-423E-AC1C-B0D474A9C89F}.Debug|Any CPU.ActiveCfg = Debug|Any CPU
		{EE7C69EA-C3CA-423E-AC1C-B0D474A9C89F}.Debug|Any CPU.Build.0 = Debug|Any CPU
		{EE7C69EA-C3CA-423E-AC1C-B0D474A9C89F}.Debug|x86.ActiveCfg = Debug|x86
		{EE7C69EA-C3CA-423E-AC1C-B0D474A9C89F}.Debug|x86.Build.0 = Debug|x86
		{EE7C69EA-C3CA-423E-AC1C-B0D474A9C89F}.Release|Any CPU.ActiveCfg = Release|Any CPU
		{EE7C69EA-C3CA-423E-AC1C-B0D474A9C89F}.Release|Any CPU.Build.0 = Release|Any CPU
		{EE7C69EA-C3CA-423E-AC1C-B0D474A9C89F}.Release|x86.ActiveCfg = Release|x86
		{EE7C69EA-C3CA-423E-AC1C-B0D474A9C89F}.Release|x86.Build.0 = Release|x86
		{61EC5CC9-26B9-43E2-8F22-8FB96CA3A46D}.Debug|Any CPU.ActiveCfg = Debug|Any CPU
		{61EC5CC9-26B9-43E2-8F22-8FB96CA3A46D}.Debug|Any CPU.Build.0 = Debug|Any CPU
		{61EC5CC9-26B9-43E2-8F22-8FB96CA3A46D}.Debug|x86.ActiveCfg = Debug|Any CPU
		{61EC5CC9-26B9-43E2-8F22-8FB96CA3A46D}.Debug|x86.Build.0 = Debug|Any CPU
		{61EC5CC9-26B9-43E2-8F22-8FB96CA3A46D}.Release|Any CPU.ActiveCfg = Release|Any CPU
		{61EC5CC9-26B9-43E2-8F22-8FB96CA3A46D}.Release|Any CPU.Build.0 = Release|Any CPU
		{61EC5CC9-26B9-43E2-8F22-8FB96CA3A46D}.Release|x86.ActiveCfg = Release|Any CPU
		{61EC5CC9-26B9-43E2-8F22-8FB96CA3A46D}.Release|x86.Build.0 = Release|Any CPU
		{AA7EFB9A-64D0-40D0-A421-160AB675E565}.Debug|Any CPU.ActiveCfg = Debug|Any CPU
		{AA7EFB9A-64D0-40D0-A421-160AB675E565}.Debug|Any CPU.Build.0 = Debug|Any CPU
		{AA7EFB9A-64D0-40D0-A421-160AB675E565}.Debug|x86.ActiveCfg = Debug|Any CPU
		{AA7EFB9A-64D0-40D0-A421-160AB675E565}.Debug|x86.Build.0 = Debug|Any CPU
		{AA7EFB9A-64D0-40D0-A421-160AB675E565}.Release|Any CPU.ActiveCfg = Release|Any CPU
		{AA7EFB9A-64D0-40D0-A421-160AB675E565}.Release|Any CPU.Build.0 = Release|Any CPU
		{AA7EFB9A-64D0-40D0-A421-160AB675E565}.Release|x86.ActiveCfg = Release|Any CPU
		{AA7EFB9A-64D0-40D0-A421-160AB675E565}.Release|x86.Build.0 = Release|Any CPU
		{208BCA15-21C6-4A3E-9D36-1A0298C0A36C}.Debug|Any CPU.ActiveCfg = Debug|Any CPU
		{208BCA15-21C6-4A3E-9D36-1A0298C0A36C}.Debug|Any CPU.Build.0 = Debug|Any CPU
		{208BCA15-21C6-4A3E-9D36-1A0298C0A36C}.Debug|x86.ActiveCfg = Debug|Any CPU
		{208BCA15-21C6-4A3E-9D36-1A0298C0A36C}.Debug|x86.Build.0 = Debug|Any CPU
		{208BCA15-21C6-4A3E-9D36-1A0298C0A36C}.Release|Any CPU.ActiveCfg = Release|Any CPU
		{208BCA15-21C6-4A3E-9D36-1A0298C0A36C}.Release|Any CPU.Build.0 = Release|Any CPU
		{208BCA15-21C6-4A3E-9D36-1A0298C0A36C}.Release|x86.ActiveCfg = Release|Any CPU
		{208BCA15-21C6-4A3E-9D36-1A0298C0A36C}.Release|x86.Build.0 = Release|Any CPU
		{14D29F1E-63F6-4994-A905-C04932FA1293}.Debug|Any CPU.ActiveCfg = Debug|Any CPU
		{14D29F1E-63F6-4994-A905-C04932FA1293}.Debug|Any CPU.Build.0 = Debug|Any CPU
		{14D29F1E-63F6-4994-A905-C04932FA1293}.Debug|x86.ActiveCfg = Debug|Any CPU
		{14D29F1E-63F6-4994-A905-C04932FA1293}.Debug|x86.Build.0 = Debug|Any CPU
		{14D29F1E-63F6-4994-A905-C04932FA1293}.Release|Any CPU.ActiveCfg = Release|Any CPU
		{14D29F1E-63F6-4994-A905-C04932FA1293}.Release|Any CPU.Build.0 = Release|Any CPU
		{14D29F1E-63F6-4994-A905-C04932FA1293}.Release|x86.ActiveCfg = Release|Any CPU
		{14D29F1E-63F6-4994-A905-C04932FA1293}.Release|x86.Build.0 = Release|Any CPU
		{BBA4440D-215B-477F-BA11-8FF4795A0C42}.Debug|Any CPU.ActiveCfg = Debug|Any CPU
		{BBA4440D-215B-477F-BA11-8FF4795A0C42}.Debug|Any CPU.Build.0 = Debug|Any CPU
		{BBA4440D-215B-477F-BA11-8FF4795A0C42}.Debug|x86.ActiveCfg = Debug|Any CPU
		{BBA4440D-215B-477F-BA11-8FF4795A0C42}.Debug|x86.Build.0 = Debug|Any CPU
		{BBA4440D-215B-477F-BA11-8FF4795A0C42}.Release|Any CPU.ActiveCfg = Release|Any CPU
		{BBA4440D-215B-477F-BA11-8FF4795A0C42}.Release|Any CPU.Build.0 = Release|Any CPU
		{BBA4440D-215B-477F-BA11-8FF4795A0C42}.Release|x86.ActiveCfg = Release|Any CPU
		{BBA4440D-215B-477F-BA11-8FF4795A0C42}.Release|x86.Build.0 = Release|Any CPU
		{7D8C15E7-33EE-4F90-BC51-1C7CB761715A}.Debug|Any CPU.ActiveCfg = Debug|Any CPU
		{7D8C15E7-33EE-4F90-BC51-1C7CB761715A}.Debug|Any CPU.Build.0 = Debug|Any CPU
		{7D8C15E7-33EE-4F90-BC51-1C7CB761715A}.Debug|x86.ActiveCfg = Debug|x86
		{7D8C15E7-33EE-4F90-BC51-1C7CB761715A}.Debug|x86.Build.0 = Debug|x86
		{7D8C15E7-33EE-4F90-BC51-1C7CB761715A}.Release|Any CPU.ActiveCfg = Release|Any CPU
		{7D8C15E7-33EE-4F90-BC51-1C7CB761715A}.Release|Any CPU.Build.0 = Release|Any CPU
		{7D8C15E7-33EE-4F90-BC51-1C7CB761715A}.Release|x86.ActiveCfg = Release|x86
		{7D8C15E7-33EE-4F90-BC51-1C7CB761715A}.Release|x86.Build.0 = Release|x86
		{6A281984-1EAE-49EB-B956-1BE570E36748}.Debug|Any CPU.ActiveCfg = Debug|Any CPU
		{6A281984-1EAE-49EB-B956-1BE570E36748}.Debug|Any CPU.Build.0 = Debug|Any CPU
		{6A281984-1EAE-49EB-B956-1BE570E36748}.Debug|x86.ActiveCfg = Debug|Any CPU
		{6A281984-1EAE-49EB-B956-1BE570E36748}.Debug|x86.Build.0 = Debug|Any CPU
		{6A281984-1EAE-49EB-B956-1BE570E36748}.Release|Any CPU.ActiveCfg = Release|Any CPU
		{6A281984-1EAE-49EB-B956-1BE570E36748}.Release|Any CPU.Build.0 = Release|Any CPU
		{6A281984-1EAE-49EB-B956-1BE570E36748}.Release|x86.ActiveCfg = Release|Any CPU
		{6A281984-1EAE-49EB-B956-1BE570E36748}.Release|x86.Build.0 = Release|Any CPU
		{5A384DE7-5F97-4FB7-BD70-B1AB2E48A0DC}.Debug|Any CPU.ActiveCfg = Debug|Any CPU
		{5A384DE7-5F97-4FB7-BD70-B1AB2E48A0DC}.Debug|Any CPU.Build.0 = Debug|Any CPU
		{5A384DE7-5F97-4FB7-BD70-B1AB2E48A0DC}.Debug|x86.ActiveCfg = Debug|Any CPU
		{5A384DE7-5F97-4FB7-BD70-B1AB2E48A0DC}.Debug|x86.Build.0 = Debug|Any CPU
		{5A384DE7-5F97-4FB7-BD70-B1AB2E48A0DC}.Release|Any CPU.ActiveCfg = Release|Any CPU
		{5A384DE7-5F97-4FB7-BD70-B1AB2E48A0DC}.Release|Any CPU.Build.0 = Release|Any CPU
		{5A384DE7-5F97-4FB7-BD70-B1AB2E48A0DC}.Release|x86.ActiveCfg = Release|Any CPU
		{5A384DE7-5F97-4FB7-BD70-B1AB2E48A0DC}.Release|x86.Build.0 = Release|Any CPU
		{A310FD2B-59B3-48FD-9AF6-D2D9AF6215EF}.Debug|Any CPU.ActiveCfg = Debug|Any CPU
		{A310FD2B-59B3-48FD-9AF6-D2D9AF6215EF}.Debug|Any CPU.Build.0 = Debug|Any CPU
		{A310FD2B-59B3-48FD-9AF6-D2D9AF6215EF}.Debug|x86.ActiveCfg = Debug|Any CPU
		{A310FD2B-59B3-48FD-9AF6-D2D9AF6215EF}.Debug|x86.Build.0 = Debug|Any CPU
		{A310FD2B-59B3-48FD-9AF6-D2D9AF6215EF}.Release|Any CPU.ActiveCfg = Release|Any CPU
		{A310FD2B-59B3-48FD-9AF6-D2D9AF6215EF}.Release|Any CPU.Build.0 = Release|Any CPU
		{A310FD2B-59B3-48FD-9AF6-D2D9AF6215EF}.Release|x86.ActiveCfg = Release|Any CPU
		{A310FD2B-59B3-48FD-9AF6-D2D9AF6215EF}.Release|x86.Build.0 = Release|Any CPU
	EndGlobalSection
	GlobalSection(SolutionProperties) = preSolution
		HideSolutionNode = FALSE
	EndGlobalSection
	GlobalSection(NestedProjects) = preSolution
		{5782880D-B8F3-4CAD-B4ED-38D8ED3E1DA4} = {102ED709-B366-4FC8-8660-5B83C767CEE1}
		{422E814F-B3EC-4658-815A-646509D3487A} = {12B7C9C6-B296-4A8D-B169-A540F49E928E}
		{8B5259AA-2CE3-45A8-B2F2-2D7359FE5557} = {12B7C9C6-B296-4A8D-B169-A540F49E928E}
		{4D767A74-45F8-482A-9AFB-D21B5120BA7A} = {E73B9CC2-9C8D-47E0-A738-69E2A1C395DB}
		{E5D938B6-6C4E-4EAB-A3D2-F8C2F1182887} = {E73B9CC2-9C8D-47E0-A738-69E2A1C395DB}
		{70D743D5-C282-46FA-B891-9E1821EFC3C6} = {E73B9CC2-9C8D-47E0-A738-69E2A1C395DB}
		{FF787969-E962-4550-B006-C49CA0B82589} = {E73B9CC2-9C8D-47E0-A738-69E2A1C395DB}
		{2C2D5861-2BB2-4619-B83E-E3972498A93D} = {E73B9CC2-9C8D-47E0-A738-69E2A1C395DB}
		{F20C73DA-B56C-45A2-AEB8-627C1FF03805} = {E73B9CC2-9C8D-47E0-A738-69E2A1C395DB}
		{2737349F-BC12-4907-84CB-B1A409505DFA} = {E73B9CC2-9C8D-47E0-A738-69E2A1C395DB}
		{DE1FD472-8355-4CDC-9299-8836E90E4DD9} = {102ED709-B366-4FC8-8660-5B83C767CEE1}
		{22DC55FF-C903-4E85-9013-03136A7430CB} = {102ED709-B366-4FC8-8660-5B83C767CEE1}
		{102ED709-B366-4FC8-8660-5B83C767CEE1} = {E73B9CC2-9C8D-47E0-A738-69E2A1C395DB}
		{3A413D5B-A8BB-4F47-9875-6AC009C22591} = {12B7C9C6-B296-4A8D-B169-A540F49E928E}
		{8FED15D1-DD0A-48BD-90BF-D8EA9E14DC1B} = {3A413D5B-A8BB-4F47-9875-6AC009C22591}
		{232D336F-4446-4904-B7E6-B60E17D8952F} = {3A413D5B-A8BB-4F47-9875-6AC009C22591}
		{08B22CE1-D55B-4F6B-B283-8CD7038BBE5C} = {8FED15D1-DD0A-48BD-90BF-D8EA9E14DC1B}
		{1AD8B646-4D79-4B4F-AF5F-92EC6044871E} = {8FED15D1-DD0A-48BD-90BF-D8EA9E14DC1B}
		{E878439B-0C30-451A-AAA4-3BB2CFDF032C} = {8FED15D1-DD0A-48BD-90BF-D8EA9E14DC1B}
		{EE7C69EA-C3CA-423E-AC1C-B0D474A9C89F} = {232D336F-4446-4904-B7E6-B60E17D8952F}
		{61EC5CC9-26B9-43E2-8F22-8FB96CA3A46D} = {232D336F-4446-4904-B7E6-B60E17D8952F}
		{AA7EFB9A-64D0-40D0-A421-160AB675E565} = {232D336F-4446-4904-B7E6-B60E17D8952F}
		{51800CBB-1DDF-49C8-BDF0-0BB81DD067DC} = {12B7C9C6-B296-4A8D-B169-A540F49E928E}
		{E5375AC8-8C80-45A7-9632-31A86A373781} = {51800CBB-1DDF-49C8-BDF0-0BB81DD067DC}
		{50662C29-51E1-4989-8C2B-8FA438E45A18} = {51800CBB-1DDF-49C8-BDF0-0BB81DD067DC}
		{208BCA15-21C6-4A3E-9D36-1A0298C0A36C} = {E5375AC8-8C80-45A7-9632-31A86A373781}
		{14D29F1E-63F6-4994-A905-C04932FA1293} = {50662C29-51E1-4989-8C2B-8FA438E45A18}
		{BBA4440D-215B-477F-BA11-8FF4795A0C42} = {50662C29-51E1-4989-8C2B-8FA438E45A18}
		{7D8C15E7-33EE-4F90-BC51-1C7CB761715A} = {50662C29-51E1-4989-8C2B-8FA438E45A18}
		{6A281984-1EAE-49EB-B956-1BE570E36748} = {51800CBB-1DDF-49C8-BDF0-0BB81DD067DC}
		{5A384DE7-5F97-4FB7-BD70-B1AB2E48A0DC} = {50662C29-51E1-4989-8C2B-8FA438E45A18}
		{A310FD2B-59B3-48FD-9AF6-D2D9AF6215EF} = {12B7C9C6-B296-4A8D-B169-A540F49E928E}
	EndGlobalSection
	GlobalSection(ExtensibilityGlobals) = postSolution
		SolutionGuid = {A9F9AB70-D643-48C7-94B4-26D7A87B6263}
	EndGlobalSection
EndGlobal
